// !$*UTF8*$!
{
	archiveVersion = 1;
	classes = {
	};
	objectVersion = 55;
	objects = {

/* Begin PBXBuildFile section */
		D264A55228905EDC00E024D4 /* AppDelegate.swift in Sources */ = {isa = PBXBuildFile; fileRef = D264A55128905EDC00E024D4 /* AppDelegate.swift */; };
		D264A55428905EDC00E024D4 /* SceneDelegate.swift in Sources */ = {isa = PBXBuildFile; fileRef = D264A55328905EDC00E024D4 /* SceneDelegate.swift */; };
		D264A55628905EDC00E024D4 /* ViewController.swift in Sources */ = {isa = PBXBuildFile; fileRef = D264A55528905EDC00E024D4 /* ViewController.swift */; };
		D264A55928905EDC00E024D4 /* Main.storyboard in Resources */ = {isa = PBXBuildFile; fileRef = D264A55728905EDC00E024D4 /* Main.storyboard */; };
		D264A55B28905EDD00E024D4 /* Assets.xcassets in Resources */ = {isa = PBXBuildFile; fileRef = D264A55A28905EDD00E024D4 /* Assets.xcassets */; };
		D264A55E28905EDD00E024D4 /* LaunchScreen.storyboard in Resources */ = {isa = PBXBuildFile; fileRef = D264A55C28905EDD00E024D4 /* LaunchScreen.storyboard */; };
		D264A56928905EDD00E024D4 /* TheThingsAppTests.swift in Sources */ = {isa = PBXBuildFile; fileRef = D264A56828905EDD00E024D4 /* TheThingsAppTests.swift */; };
		D264A57328905EDD00E024D4 /* TheThingsAppUITests.swift in Sources */ = {isa = PBXBuildFile; fileRef = D264A57228905EDD00E024D4 /* TheThingsAppUITests.swift */; };
		D264A57528905EDD00E024D4 /* TheThingsAppUITestsLaunchTests.swift in Sources */ = {isa = PBXBuildFile; fileRef = D264A57428905EDD00E024D4 /* TheThingsAppUITestsLaunchTests.swift */; };
/* End PBXBuildFile section */

/* Begin PBXContainerItemProxy section */
		D264A56528905EDD00E024D4 /* PBXContainerItemProxy */ = {
			isa = PBXContainerItemProxy;
			containerPortal = D264A54628905EDC00E024D4 /* Project object */;
			proxyType = 1;
			remoteGlobalIDString = D264A54D28905EDC00E024D4;
			remoteInfo = TheThingsApp;
		};
		D264A56F28905EDD00E024D4 /* PBXContainerItemProxy */ = {
			isa = PBXContainerItemProxy;
			containerPortal = D264A54628905EDC00E024D4 /* Project object */;
			proxyType = 1;
			remoteGlobalIDString = D264A54D28905EDC00E024D4;
			remoteInfo = TheThingsApp;
		};
/* End PBXContainerItemProxy section */

/* Begin PBXFileReference section */
		D264A54E28905EDC00E024D4 /* TheThingsApp.app */ = {isa = PBXFileReference; explicitFileType = wrapper.application; includeInIndex = 0; path = TheThingsApp.app; sourceTree = BUILT_PRODUCTS_DIR; };
		D264A55128905EDC00E024D4 /* AppDelegate.swift */ = {isa = PBXFileReference; lastKnownFileType = sourcecode.swift; path = AppDelegate.swift; sourceTree = "<group>"; };
		D264A55328905EDC00E024D4 /* SceneDelegate.swift */ = {isa = PBXFileReference; lastKnownFileType = sourcecode.swift; path = SceneDelegate.swift; sourceTree = "<group>"; };
		D264A55528905EDC00E024D4 /* ViewController.swift */ = {isa = PBXFileReference; lastKnownFileType = sourcecode.swift; path = ViewController.swift; sourceTree = "<group>"; };
		D264A55828905EDC00E024D4 /* Base */ = {isa = PBXFileReference; lastKnownFileType = file.storyboard; name = Base; path = Base.lproj/Main.storyboard; sourceTree = "<group>"; };
		D264A55A28905EDD00E024D4 /* Assets.xcassets */ = {isa = PBXFileReference; lastKnownFileType = folder.assetcatalog; path = Assets.xcassets; sourceTree = "<group>"; };
		D264A55D28905EDD00E024D4 /* Base */ = {isa = PBXFileReference; lastKnownFileType = file.storyboard; name = Base; path = Base.lproj/LaunchScreen.storyboard; sourceTree = "<group>"; };
		D264A55F28905EDD00E024D4 /* Info.plist */ = {isa = PBXFileReference; lastKnownFileType = text.plist.xml; path = Info.plist; sourceTree = "<group>"; };
		D264A56428905EDD00E024D4 /* TheThingsAppTests.xctest */ = {isa = PBXFileReference; explicitFileType = wrapper.cfbundle; includeInIndex = 0; path = TheThingsAppTests.xctest; sourceTree = BUILT_PRODUCTS_DIR; };
		D264A56828905EDD00E024D4 /* TheThingsAppTests.swift */ = {isa = PBXFileReference; lastKnownFileType = sourcecode.swift; path = TheThingsAppTests.swift; sourceTree = "<group>"; };
		D264A56E28905EDD00E024D4 /* TheThingsAppUITests.xctest */ = {isa = PBXFileReference; explicitFileType = wrapper.cfbundle; includeInIndex = 0; path = TheThingsAppUITests.xctest; sourceTree = BUILT_PRODUCTS_DIR; };
		D264A57228905EDD00E024D4 /* TheThingsAppUITests.swift */ = {isa = PBXFileReference; lastKnownFileType = sourcecode.swift; path = TheThingsAppUITests.swift; sourceTree = "<group>"; };
		D264A57428905EDD00E024D4 /* TheThingsAppUITestsLaunchTests.swift */ = {isa = PBXFileReference; lastKnownFileType = sourcecode.swift; path = TheThingsAppUITestsLaunchTests.swift; sourceTree = "<group>"; };
/* End PBXFileReference section */

/* Begin PBXFrameworksBuildPhase section */
		D264A54B28905EDC00E024D4 /* Frameworks */ = {
			isa = PBXFrameworksBuildPhase;
			buildActionMask = 2147483647;
			files = (
			);
			runOnlyForDeploymentPostprocessing = 0;
		};
		D264A56128905EDD00E024D4 /* Frameworks */ = {
			isa = PBXFrameworksBuildPhase;
			buildActionMask = 2147483647;
			files = (
			);
			runOnlyForDeploymentPostprocessing = 0;
		};
		D264A56B28905EDD00E024D4 /* Frameworks */ = {
			isa = PBXFrameworksBuildPhase;
			buildActionMask = 2147483647;
			files = (
			);
			runOnlyForDeploymentPostprocessing = 0;
		};
/* End PBXFrameworksBuildPhase section */

/* Begin PBXGroup section */
		D264A54528905EDC00E024D4 = {
			isa = PBXGroup;
			children = (
				D264A55028905EDC00E024D4 /* TheThingsApp */,
				D264A56728905EDD00E024D4 /* TheThingsAppTests */,
				D264A57128905EDD00E024D4 /* TheThingsAppUITests */,
				D264A54F28905EDC00E024D4 /* Products */,
			);
			sourceTree = "<group>";
		};
		D264A54F28905EDC00E024D4 /* Products */ = {
			isa = PBXGroup;
			children = (
				D264A54E28905EDC00E024D4 /* TheThingsApp.app */,
				D264A56428905EDD00E024D4 /* TheThingsAppTests.xctest */,
				D264A56E28905EDD00E024D4 /* TheThingsAppUITests.xctest */,
			);
			name = Products;
			sourceTree = "<group>";
		};
		D264A55028905EDC00E024D4 /* TheThingsApp */ = {
			isa = PBXGroup;
			children = (
				D264A55128905EDC00E024D4 /* AppDelegate.swift */,
				D264A55328905EDC00E024D4 /* SceneDelegate.swift */,
				D264A55528905EDC00E024D4 /* ViewController.swift */,
				D264A55728905EDC00E024D4 /* Main.storyboard */,
				D264A55A28905EDD00E024D4 /* Assets.xcassets */,
				D264A55C28905EDD00E024D4 /* LaunchScreen.storyboard */,
				D264A55F28905EDD00E024D4 /* Info.plist */,
			);
			path = TheThingsApp;
			sourceTree = "<group>";
		};
		D264A56728905EDD00E024D4 /* TheThingsAppTests */ = {
			isa = PBXGroup;
			children = (
				D264A56828905EDD00E024D4 /* TheThingsAppTests.swift */,
			);
			path = TheThingsAppTests;
			sourceTree = "<group>";
		};
		D264A57128905EDD00E024D4 /* TheThingsAppUITests */ = {
			isa = PBXGroup;
			children = (
				D264A57228905EDD00E024D4 /* TheThingsAppUITests.swift */,
				D264A57428905EDD00E024D4 /* TheThingsAppUITestsLaunchTests.swift */,
			);
			path = TheThingsAppUITests;
			sourceTree = "<group>";
		};
/* End PBXGroup section */

/* Begin PBXNativeTarget section */
		D264A54D28905EDC00E024D4 /* TheThingsApp */ = {
			isa = PBXNativeTarget;
			buildConfigurationList = D264A57828905EDD00E024D4 /* Build configuration list for PBXNativeTarget "TheThingsApp" */;
			buildPhases = (
				D264A54A28905EDC00E024D4 /* Sources */,
				D264A54B28905EDC00E024D4 /* Frameworks */,
				D264A54C28905EDC00E024D4 /* Resources */,
			);
			buildRules = (
			);
			dependencies = (
			);
			name = TheThingsApp;
			productName = TheThingsApp;
			productReference = D264A54E28905EDC00E024D4 /* TheThingsApp.app */;
			productType = "com.apple.product-type.application";
		};
		D264A56328905EDD00E024D4 /* TheThingsAppTests */ = {
			isa = PBXNativeTarget;
			buildConfigurationList = D264A57B28905EDD00E024D4 /* Build configuration list for PBXNativeTarget "TheThingsAppTests" */;
			buildPhases = (
				D264A56028905EDD00E024D4 /* Sources */,
				D264A56128905EDD00E024D4 /* Frameworks */,
				D264A56228905EDD00E024D4 /* Resources */,
			);
			buildRules = (
			);
			dependencies = (
				D264A56628905EDD00E024D4 /* PBXTargetDependency */,
			);
			name = TheThingsAppTests;
			productName = TheThingsAppTests;
			productReference = D264A56428905EDD00E024D4 /* TheThingsAppTests.xctest */;
			productType = "com.apple.product-type.bundle.unit-test";
		};
		D264A56D28905EDD00E024D4 /* TheThingsAppUITests */ = {
			isa = PBXNativeTarget;
			buildConfigurationList = D264A57E28905EDD00E024D4 /* Build configuration list for PBXNativeTarget "TheThingsAppUITests" */;
			buildPhases = (
				D264A56A28905EDD00E024D4 /* Sources */,
				D264A56B28905EDD00E024D4 /* Frameworks */,
				D264A56C28905EDD00E024D4 /* Resources */,
			);
			buildRules = (
			);
			dependencies = (
				D264A57028905EDD00E024D4 /* PBXTargetDependency */,
			);
			name = TheThingsAppUITests;
			productName = TheThingsAppUITests;
			productReference = D264A56E28905EDD00E024D4 /* TheThingsAppUITests.xctest */;
			productType = "com.apple.product-type.bundle.ui-testing";
		};
/* End PBXNativeTarget section */

/* Begin PBXProject section */
		D264A54628905EDC00E024D4 /* Project object */ = {
			isa = PBXProject;
			attributes = {
				BuildIndependentTargetsInParallel = 1;
				LastSwiftUpdateCheck = 1300;
				LastUpgradeCheck = 1300;
				TargetAttributes = {
					D264A54D28905EDC00E024D4 = {
						CreatedOnToolsVersion = 13.0;
					};
					D264A56328905EDD00E024D4 = {
						CreatedOnToolsVersion = 13.0;
						TestTargetID = D264A54D28905EDC00E024D4;
					};
					D264A56D28905EDD00E024D4 = {
						CreatedOnToolsVersion = 13.0;
						TestTargetID = D264A54D28905EDC00E024D4;
					};
				};
			};
			buildConfigurationList = D264A54928905EDC00E024D4 /* Build configuration list for PBXProject "TheThingsApp" */;
			compatibilityVersion = "Xcode 13.0";
			developmentRegion = en;
			hasScannedForEncodings = 0;
			knownRegions = (
				en,
				Base,
			);
			mainGroup = D264A54528905EDC00E024D4;
			productRefGroup = D264A54F28905EDC00E024D4 /* Products */;
			projectDirPath = "";
			projectRoot = "";
			targets = (
				D264A54D28905EDC00E024D4 /* TheThingsApp */,
				D264A56328905EDD00E024D4 /* TheThingsAppTests */,
				D264A56D28905EDD00E024D4 /* TheThingsAppUITests */,
			);
		};
/* End PBXProject section */

/* Begin PBXResourcesBuildPhase section */
		D264A54C28905EDC00E024D4 /* Resources */ = {
			isa = PBXResourcesBuildPhase;
			buildActionMask = 2147483647;
			files = (
				D264A55E28905EDD00E024D4 /* LaunchScreen.storyboard in Resources */,
				D264A55B28905EDD00E024D4 /* Assets.xcassets in Resources */,
				D264A55928905EDC00E024D4 /* Main.storyboard in Resources */,
			);
			runOnlyForDeploymentPostprocessing = 0;
		};
		D264A56228905EDD00E024D4 /* Resources */ = {
			isa = PBXResourcesBuildPhase;
			buildActionMask = 2147483647;
			files = (
			);
			runOnlyForDeploymentPostprocessing = 0;
		};
		D264A56C28905EDD00E024D4 /* Resources */ = {
			isa = PBXResourcesBuildPhase;
			buildActionMask = 2147483647;
			files = (
			);
			runOnlyForDeploymentPostprocessing = 0;
		};
/* End PBXResourcesBuildPhase section */

/* Begin PBXSourcesBuildPhase section */
		D264A54A28905EDC00E024D4 /* Sources */ = {
			isa = PBXSourcesBuildPhase;
			buildActionMask = 2147483647;
			files = (
				D264A55628905EDC00E024D4 /* ViewController.swift in Sources */,
				D264A55228905EDC00E024D4 /* AppDelegate.swift in Sources */,
				D264A55428905EDC00E024D4 /* SceneDelegate.swift in Sources */,
			);
			runOnlyForDeploymentPostprocessing = 0;
		};
		D264A56028905EDD00E024D4 /* Sources */ = {
			isa = PBXSourcesBuildPhase;
			buildActionMask = 2147483647;
			files = (
				D264A56928905EDD00E024D4 /* TheThingsAppTests.swift in Sources */,
			);
			runOnlyForDeploymentPostprocessing = 0;
		};
		D264A56A28905EDD00E024D4 /* Sources */ = {
			isa = PBXSourcesBuildPhase;
			buildActionMask = 2147483647;
			files = (
				D264A57328905EDD00E024D4 /* TheThingsAppUITests.swift in Sources */,
				D264A57528905EDD00E024D4 /* TheThingsAppUITestsLaunchTests.swift in Sources */,
			);
			runOnlyForDeploymentPostprocessing = 0;
		};
/* End PBXSourcesBuildPhase section */

/* Begin PBXTargetDependency section */
		D264A56628905EDD00E024D4 /* PBXTargetDependency */ = {
			isa = PBXTargetDependency;
			target = D264A54D28905EDC00E024D4 /* TheThingsApp */;
			targetProxy = D264A56528905EDD00E024D4 /* PBXContainerItemProxy */;
		};
		D264A57028905EDD00E024D4 /* PBXTargetDependency */ = {
			isa = PBXTargetDependency;
			target = D264A54D28905EDC00E024D4 /* TheThingsApp */;
			targetProxy = D264A56F28905EDD00E024D4 /* PBXContainerItemProxy */;
		};
/* End PBXTargetDependency section */

/* Begin PBXVariantGroup section */
		D264A55728905EDC00E024D4 /* Main.storyboard */ = {
			isa = PBXVariantGroup;
			children = (
				D264A55828905EDC00E024D4 /* Base */,
			);
			name = Main.storyboard;
			sourceTree = "<group>";
		};
		D264A55C28905EDD00E024D4 /* LaunchScreen.storyboard */ = {
			isa = PBXVariantGroup;
			children = (
				D264A55D28905EDD00E024D4 /* Base */,
			);
			name = LaunchScreen.storyboard;
			sourceTree = "<group>";
		};
/* End PBXVariantGroup section */

/* Begin XCBuildConfiguration section */
		D264A57628905EDD00E024D4 /* Debug */ = {
			isa = XCBuildConfiguration;
			buildSettings = {
				ALWAYS_SEARCH_USER_PATHS = NO;
				CLANG_ANALYZER_NONNULL = YES;
				CLANG_ANALYZER_NUMBER_OBJECT_CONVERSION = YES_AGGRESSIVE;
				CLANG_CXX_LANGUAGE_STANDARD = "gnu++17";
				CLANG_CXX_LIBRARY = "libc++";
				CLANG_ENABLE_MODULES = YES;
				CLANG_ENABLE_OBJC_ARC = YES;
				CLANG_ENABLE_OBJC_WEAK = YES;
				CLANG_WARN_BLOCK_CAPTURE_AUTORELEASING = YES;
				CLANG_WARN_BOOL_CONVERSION = YES;
				CLANG_WARN_COMMA = YES;
				CLANG_WARN_CONSTANT_CONVERSION = YES;
				CLANG_WARN_DEPRECATED_OBJC_IMPLEMENTATIONS = YES;
				CLANG_WARN_DIRECT_OBJC_ISA_USAGE = YES_ERROR;
				CLANG_WARN_DOCUMENTATION_COMMENTS = YES;
				CLANG_WARN_EMPTY_BODY = YES;
				CLANG_WARN_ENUM_CONVERSION = YES;
				CLANG_WARN_INFINITE_RECURSION = YES;
				CLANG_WARN_INT_CONVERSION = YES;
				CLANG_WARN_NON_LITERAL_NULL_CONVERSION = YES;
				CLANG_WARN_OBJC_IMPLICIT_RETAIN_SELF = YES;
				CLANG_WARN_OBJC_LITERAL_CONVERSION = YES;
				CLANG_WARN_OBJC_ROOT_CLASS = YES_ERROR;
				CLANG_WARN_QUOTED_INCLUDE_IN_FRAMEWORK_HEADER = YES;
				CLANG_WARN_RANGE_LOOP_ANALYSIS = YES;
				CLANG_WARN_STRICT_PROTOTYPES = YES;
				CLANG_WARN_SUSPICIOUS_MOVE = YES;
				CLANG_WARN_UNGUARDED_AVAILABILITY = YES_AGGRESSIVE;
				CLANG_WARN_UNREACHABLE_CODE = YES;
				CLANG_WARN__DUPLICATE_METHOD_MATCH = YES;
				COPY_PHASE_STRIP = NO;
				DEBUG_INFORMATION_FORMAT = dwarf;
				ENABLE_STRICT_OBJC_MSGSEND = YES;
				ENABLE_TESTABILITY = YES;
				GCC_C_LANGUAGE_STANDARD = gnu11;
				GCC_DYNAMIC_NO_PIC = NO;
				GCC_NO_COMMON_BLOCKS = YES;
				GCC_OPTIMIZATION_LEVEL = 0;
				GCC_PREPROCESSOR_DEFINITIONS = (
					"DEBUG=1",
					"$(inherited)",
				);
				GCC_WARN_64_TO_32_BIT_CONVERSION = YES;
				GCC_WARN_ABOUT_RETURN_TYPE = YES_ERROR;
				GCC_WARN_UNDECLARED_SELECTOR = YES;
				GCC_WARN_UNINITIALIZED_AUTOS = YES_AGGRESSIVE;
				GCC_WARN_UNUSED_FUNCTION = YES;
				GCC_WARN_UNUSED_VARIABLE = YES;
				IPHONEOS_DEPLOYMENT_TARGET = 15.0;
				MTL_ENABLE_DEBUG_INFO = INCLUDE_SOURCE;
				MTL_FAST_MATH = YES;
				ONLY_ACTIVE_ARCH = YES;
				SDKROOT = iphoneos;
				SWIFT_ACTIVE_COMPILATION_CONDITIONS = DEBUG;
				SWIFT_OPTIMIZATION_LEVEL = "-Onone";
			};
			name = Debug;
		};
		D264A57728905EDD00E024D4 /* Release */ = {
			isa = XCBuildConfiguration;
			buildSettings = {
				ALWAYS_SEARCH_USER_PATHS = NO;
				CLANG_ANALYZER_NONNULL = YES;
				CLANG_ANALYZER_NUMBER_OBJECT_CONVERSION = YES_AGGRESSIVE;
				CLANG_CXX_LANGUAGE_STANDARD = "gnu++17";
				CLANG_CXX_LIBRARY = "libc++";
				CLANG_ENABLE_MODULES = YES;
				CLANG_ENABLE_OBJC_ARC = YES;
				CLANG_ENABLE_OBJC_WEAK = YES;
				CLANG_WARN_BLOCK_CAPTURE_AUTORELEASING = YES;
				CLANG_WARN_BOOL_CONVERSION = YES;
				CLANG_WARN_COMMA = YES;
				CLANG_WARN_CONSTANT_CONVERSION = YES;
				CLANG_WARN_DEPRECATED_OBJC_IMPLEMENTATIONS = YES;
				CLANG_WARN_DIRECT_OBJC_ISA_USAGE = YES_ERROR;
				CLANG_WARN_DOCUMENTATION_COMMENTS = YES;
				CLANG_WARN_EMPTY_BODY = YES;
				CLANG_WARN_ENUM_CONVERSION = YES;
				CLANG_WARN_INFINITE_RECURSION = YES;
				CLANG_WARN_INT_CONVERSION = YES;
				CLANG_WARN_NON_LITERAL_NULL_CONVERSION = YES;
				CLANG_WARN_OBJC_IMPLICIT_RETAIN_SELF = YES;
				CLANG_WARN_OBJC_LITERAL_CONVERSION = YES;
				CLANG_WARN_OBJC_ROOT_CLASS = YES_ERROR;
				CLANG_WARN_QUOTED_INCLUDE_IN_FRAMEWORK_HEADER = YES;
				CLANG_WARN_RANGE_LOOP_ANALYSIS = YES;
				CLANG_WARN_STRICT_PROTOTYPES = YES;
				CLANG_WARN_SUSPICIOUS_MOVE = YES;
				CLANG_WARN_UNGUARDED_AVAILABILITY = YES_AGGRESSIVE;
				CLANG_WARN_UNREACHABLE_CODE = YES;
				CLANG_WARN__DUPLICATE_METHOD_MATCH = YES;
				COPY_PHASE_STRIP = NO;
				DEBUG_INFORMATION_FORMAT = "dwarf-with-dsym";
				ENABLE_NS_ASSERTIONS = NO;
				ENABLE_STRICT_OBJC_MSGSEND = YES;
				GCC_C_LANGUAGE_STANDARD = gnu11;
				GCC_NO_COMMON_BLOCKS = YES;
				GCC_WARN_64_TO_32_BIT_CONVERSION = YES;
				GCC_WARN_ABOUT_RETURN_TYPE = YES_ERROR;
				GCC_WARN_UNDECLARED_SELECTOR = YES;
				GCC_WARN_UNINITIALIZED_AUTOS = YES_AGGRESSIVE;
				GCC_WARN_UNUSED_FUNCTION = YES;
				GCC_WARN_UNUSED_VARIABLE = YES;
				IPHONEOS_DEPLOYMENT_TARGET = 15.0;
				MTL_ENABLE_DEBUG_INFO = NO;
				MTL_FAST_MATH = YES;
				SDKROOT = iphoneos;
				SWIFT_COMPILATION_MODE = wholemodule;
				SWIFT_OPTIMIZATION_LEVEL = "-O";
				VALIDATE_PRODUCT = YES;
			};
			name = Release;
		};
		D264A57928905EDD00E024D4 /* Debug */ = {
			isa = XCBuildConfiguration;
			buildSettings = {
				ASSETCATALOG_COMPILER_APPICON_NAME = AppIcon;
				ASSETCATALOG_COMPILER_GLOBAL_ACCENT_COLOR_NAME = AccentColor;
				CODE_SIGN_STYLE = Automatic;
				CURRENT_PROJECT_VERSION = 1;
				GENERATE_INFOPLIST_FILE = YES;
				INFOPLIST_FILE = TheThingsApp/Info.plist;
				INFOPLIST_KEY_UIApplicationSupportsIndirectInputEvents = YES;
				INFOPLIST_KEY_UILaunchStoryboardName = LaunchScreen;
				INFOPLIST_KEY_UIMainStoryboardFile = Main;
				INFOPLIST_KEY_UISupportedInterfaceOrientations_iPad = "UIInterfaceOrientationPortrait UIInterfaceOrientationPortraitUpsideDown UIInterfaceOrientationLandscapeLeft UIInterfaceOrientationLandscapeRight";
				INFOPLIST_KEY_UISupportedInterfaceOrientations_iPhone = "UIInterfaceOrientationPortrait UIInterfaceOrientationLandscapeLeft UIInterfaceOrientationLandscapeRight";
				LD_RUNPATH_SEARCH_PATHS = (
					"$(inherited)",
					"@executable_path/Frameworks",
				);
				MARKETING_VERSION = 1.0;
				PRODUCT_BUNDLE_IDENTIFIER = com.TheThingsApp;
				PRODUCT_NAME = "$(TARGET_NAME)";
				SWIFT_EMIT_LOC_STRINGS = YES;
				SWIFT_VERSION = 5.0;
				TARGETED_DEVICE_FAMILY = "1,2";
			};
			name = Debug;
		};
		D264A57A28905EDD00E024D4 /* Release */ = {
			isa = XCBuildConfiguration;
			buildSettings = {
				ASSETCATALOG_COMPILER_APPICON_NAME = AppIcon;
				ASSETCATALOG_COMPILER_GLOBAL_ACCENT_COLOR_NAME = AccentColor;
				CODE_SIGN_STYLE = Automatic;
				CURRENT_PROJECT_VERSION = 1;
				GENERATE_INFOPLIST_FILE = YES;
				INFOPLIST_FILE = TheThingsApp/Info.plist;
				INFOPLIST_KEY_UIApplicationSupportsIndirectInputEvents = YES;
				INFOPLIST_KEY_UILaunchStoryboardName = LaunchScreen;
				INFOPLIST_KEY_UIMainStoryboardFile = Main;
				INFOPLIST_KEY_UISupportedInterfaceOrientations_iPad = "UIInterfaceOrientationPortrait UIInterfaceOrientationPortraitUpsideDown UIInterfaceOrientationLandscapeLeft UIInterfaceOrientationLandscapeRight";
				INFOPLIST_KEY_UISupportedInterfaceOrientations_iPhone = "UIInterfaceOrientationPortrait UIInterfaceOrientationLandscapeLeft UIInterfaceOrientationLandscapeRight";
				LD_RUNPATH_SEARCH_PATHS = (
					"$(inherited)",
					"@executable_path/Frameworks",
				);
				MARKETING_VERSION = 1.0;
				PRODUCT_BUNDLE_IDENTIFIER = com.TheThingsApp;
				PRODUCT_NAME = "$(TARGET_NAME)";
				SWIFT_EMIT_LOC_STRINGS = YES;
				SWIFT_VERSION = 5.0;
				TARGETED_DEVICE_FAMILY = "1,2";
			};
			name = Release;
		};
		D264A57C28905EDD00E024D4 /* Debug */ = {
			isa = XCBuildConfiguration;
			buildSettings = {
				ALWAYS_EMBED_SWIFT_STANDARD_LIBRARIES = YES;
				BUNDLE_LOADER = "$(TEST_HOST)";
				CODE_SIGN_STYLE = Automatic;
				CURRENT_PROJECT_VERSION = 1;
				GENERATE_INFOPLIST_FILE = YES;
				IPHONEOS_DEPLOYMENT_TARGET = 15.0;
				LD_RUNPATH_SEARCH_PATHS = (
					"$(inherited)",
					"@executable_path/Frameworks",
					"@loader_path/Frameworks",
				);
				MARKETING_VERSION = 1.0;
				PRODUCT_BUNDLE_IDENTIFIER = com.TheThingsAppTests;
				PRODUCT_NAME = "$(TARGET_NAME)";
				SWIFT_EMIT_LOC_STRINGS = NO;
				SWIFT_VERSION = 5.0;
				TARGETED_DEVICE_FAMILY = "1,2";
				TEST_HOST = "$(BUILT_PRODUCTS_DIR)/TheThingsApp.app/TheThingsApp";
			};
			name = Debug;
		};
		D264A57D28905EDD00E024D4 /* Release */ = {
			isa = XCBuildConfiguration;
			buildSettings = {
				ALWAYS_EMBED_SWIFT_STANDARD_LIBRARIES = YES;
				BUNDLE_LOADER = "$(TEST_HOST)";
				CODE_SIGN_STYLE = Automatic;
				CURRENT_PROJECT_VERSION = 1;
				GENERATE_INFOPLIST_FILE = YES;
				IPHONEOS_DEPLOYMENT_TARGET = 15.0;
				LD_RUNPATH_SEARCH_PATHS = (
					"$(inherited)",
					"@executable_path/Frameworks",
					"@loader_path/Frameworks",
				);
				MARKETING_VERSION = 1.0;
				PRODUCT_BUNDLE_IDENTIFIER = com.TheThingsAppTests;
				PRODUCT_NAME = "$(TARGET_NAME)";
				SWIFT_EMIT_LOC_STRINGS = NO;
				SWIFT_VERSION = 5.0;
				TARGETED_DEVICE_FAMILY = "1,2";
				TEST_HOST = "$(BUILT_PRODUCTS_DIR)/TheThingsApp.app/TheThingsApp";
			};
			name = Release;
		};
		D264A57F28905EDD00E024D4 /* Debug */ = {
			isa = XCBuildConfiguration;
			buildSettings = {
				ALWAYS_EMBED_SWIFT_STANDARD_LIBRARIES = YES;
				CODE_SIGN_STYLE = Automatic;
				CURRENT_PROJECT_VERSION = 1;
				GENERATE_INFOPLIST_FILE = YES;
				LD_RUNPATH_SEARCH_PATHS = (
					"$(inherited)",
					"@executable_path/Frameworks",
					"@loader_path/Frameworks",
				);
				MARKETING_VERSION = 1.0;
				PRODUCT_BUNDLE_IDENTIFIER = com.TheThingsAppUITests;
				PRODUCT_NAME = "$(TARGET_NAME)";
				SWIFT_EMIT_LOC_STRINGS = NO;
				SWIFT_VERSION = 5.0;
				TARGETED_DEVICE_FAMILY = "1,2";
				TEST_TARGET_NAME = TheThingsApp;
			};
			name = Debug;
		};
		D264A58028905EDD00E024D4 /* Release */ = {
			isa = XCBuildConfiguration;
			buildSettings = {
				ALWAYS_EMBED_SWIFT_STANDARD_LIBRARIES = YES;
				CODE_SIGN_STYLE = Automatic;
				CURRENT_PROJECT_VERSION = 1;
				GENERATE_INFOPLIST_FILE = YES;
				LD_RUNPATH_SEARCH_PATHS = (
					"$(inherited)",
					"@executable_path/Frameworks",
					"@loader_path/Frameworks",
				);
				MARKETING_VERSION = 1.0;
				PRODUCT_BUNDLE_IDENTIFIER = com.TheThingsAppUITests;
				PRODUCT_NAME = "$(TARGET_NAME)";
				SWIFT_EMIT_LOC_STRINGS = NO;
				SWIFT_VERSION = 5.0;
				TARGETED_DEVICE_FAMILY = "1,2";
				TEST_TARGET_NAME = TheThingsApp;
			};
			name = Release;
		};
/* End XCBuildConfiguration section */

/* Begin XCConfigurationList section */
		D264A54928905EDC00E024D4 /* Build configuration list for PBXProject "TheThingsApp" */ = {
			isa = XCConfigurationList;
			buildConfigurations = (
				D264A57628905EDD00E024D4 /* Debug */,
				D264A57728905EDD00E024D4 /* Release */,
			);
			defaultConfigurationIsVisible = 0;
			defaultConfigurationName = Release;
		};
		D264A57828905EDD00E024D4 /* Build configuration list for PBXNativeTarget "TheThingsApp" */ = {
			isa = XCConfigurationList;
			buildConfigurations = (
				D264A57928905EDD00E024D4 /* Debug */,
				D264A57A28905EDD00E024D4 /* Release */,
			);
			defaultConfigurationIsVisible = 0;
			defaultConfigurationName = Release;
		};
		D264A57B28905EDD00E024D4 /* Build configuration list for PBXNativeTarget "TheThingsAppTests" */ = {
			isa = XCConfigurationList;
			buildConfigurations = (
				D264A57C28905EDD00E024D4 /* Debug */,
				D264A57D28905EDD00E024D4 /* Release */,
			);
			defaultConfigurationIsVisible = 0;
			defaultConfigurationName = Release;
		};
		D264A57E28905EDD00E024D4 /* Build configuration list for PBXNativeTarget "TheThingsAppUITests" */ = {
			isa = XCConfigurationList;
			buildConfigurations = (
				D264A57F28905EDD00E024D4 /* Debug */,
				D264A58028905EDD00E024D4 /* Release */,
			);
			defaultConfigurationIsVisible = 0;
			defaultConfigurationName = Release;
		};
/* End XCConfigurationList section */
	};
	rootObject = D264A54628905EDC00E024D4 /* Project object */;
}
